
Microsoft Visual Studio Solution File, Format Version 12.00
# Visual Studio Version 17
VisualStudioVersion = 17.4.33205.214
MinimumVisualStudioVersion = 10.0.40219.1
Project("{9A19103F-16F7-4668-BE54-9A1E7A4F7556}") = "AspCoreSpaSample", "AspCoreSpaSample\AspCoreSpaSample.csproj", "{99639BEA-426B-4458-85AD-D60F54C2E545}"
EndProject
Global
	GlobalSection(SolutionConfigurationPlatforms) = preSolution
		Debug|Any CPU = Debug|Any CPU
		Release|Any CPU = Release|Any CPU
	EndGlobalSection
	GlobalSection(ProjectConfigurationPlatforms) = postSolution
		{99639BEA-426B-4458-85AD-D60F54C2E545}.Debug|Any CPU.ActiveCfg = Debug|Any CPU
		{99639BEA-426B-4458-85AD-D60F54C2E545}.Debug|Any CPU.Build.0 = Debug|Any CPU
		{99639BEA-426B-4458-85AD-D60F54C2E545}.Release|Any CPU.ActiveCfg = Release|Any CPU
		{99639BEA-426B-4458-85AD-D60F54C2E545}.Release|Any CPU.Build.0 = Release|Any CPU
	EndGlobalSection
	GlobalSection(SolutionProperties) = preSolution
		HideSolutionNode = FALSE
	EndGlobalSection
	GlobalSection(ExtensibilityGlobals) = postSolution
		SolutionGuid = {47514D5B-E055-4FE1-B5FF-1E55A5A560C6}
	EndGlobalSection
EndGlobal
